{
  "name": "luster1031-project-ex02",
  "lockfileVersion": 2,
  "requires": true,
  "packages": {
    "": {
      "dependencies": {
        "posco-ict-luster1031-math": "file:../posco-ict-luster1031-math"
      }
    },
    "../posco-ict-luster1031-math": {
      "version": "1.0.0",
      "license": "ISC"
    },
    "node_modules/posco-ict-luster1031-math": {
      "resolved": "../posco-ict-luster1031-math",
      "link": true
    }
  },
  "dependencies": {
    "posco-ict-luster1031-math": {
      "version": "file:../posco-ict-luster1031-math"
    }
  }
}
