{
  "name": "project-ex02",
  "lockfileVersion": 2,
  "requires": true,
  "packages": {
    "": {
      "dependencies": {
        "luster1031-math": "file:../luster1031-math"
      }
    },
    "../luster1031-math": {
      "version": "1.0.0",
      "license": "ISC"
    },
    "node_modules/luster1031-math": {
      "resolved": "../luster1031-math",
      "link": true
    }
  },
  "dependencies": {
    "luster1031-math": {
      "version": "file:../luster1031-math"
    }
  }
}
