{
  "name": "project-ex03",
  "lockfileVersion": 2,
  "requires": true,
  "packages": {
    "": {
      "dependencies": {
        "luster1031-math": "^1.0.0"
      }
    },
    "node_modules/luster1031-math": {
      "version": "1.0.0",
      "resolved": "https://registry.npmjs.org/luster1031-math/-/luster1031-math-1.0.0.tgz",
      "integrity": "sha512-GBXVGWRuGie65dr9VnzjaFH4zdq/vCYWIeHnHwJJG3EQfhBki+l3My/WFbTHG8RQEMxQtgVpwTANQwUt5tMGXw=="
    }
  },
  "dependencies": {
    "luster1031-math": {
      "version": "1.0.0",
      "resolved": "https://registry.npmjs.org/luster1031-math/-/luster1031-math-1.0.0.tgz",
      "integrity": "sha512-GBXVGWRuGie65dr9VnzjaFH4zdq/vCYWIeHnHwJJG3EQfhBki+l3My/WFbTHG8RQEMxQtgVpwTANQwUt5tMGXw=="
    }
  }
}
