{
  "name": "luster1031-project-ex03",
  "lockfileVersion": 2,
  "requires": true,
  "packages": {
    "": {
      "dependencies": {
        "posco-ict-luster1031-math": "^1.0.0"
      }
    },
    "node_modules/posco-ict-luster1031-math": {
      "version": "1.0.0",
      "resolved": "https://registry.npmjs.org/posco-ict-luster1031-math/-/posco-ict-luster1031-math-1.0.0.tgz",
      "integrity": "sha512-+zb7WpNtM0Dh+OAImzc3Yzd6TRvKH+B0KbvoQWJ6orR/gmSUOk7DEnn5qtSTxtj6dHsdMYp5c2LCWAgshE6YTw=="
    }
  },
  "dependencies": {
    "posco-ict-luster1031-math": {
      "version": "1.0.0",
      "resolved": "https://registry.npmjs.org/posco-ict-luster1031-math/-/posco-ict-luster1031-math-1.0.0.tgz",
      "integrity": "sha512-+zb7WpNtM0Dh+OAImzc3Yzd6TRvKH+B0KbvoQWJ6orR/gmSUOk7DEnn5qtSTxtj6dHsdMYp5c2LCWAgshE6YTw=="
    }
  }
}
